// !$*UTF8*$!
{
	archiveVersion = 1;
	classes = {
	};
	objectVersion = 56;
	objects = {

/* Begin PBXBuildFile section */
		AF0E9AC32BC840C3005626ED /* KeyPathsBootcamp.swift in Sources */ = {isa = PBXBuildFile; fileRef = AF0E9AC22BC840C3005626ED /* KeyPathsBootcamp.swift */; };
		AF1907E2295C81BE00A9469B /* UnitTestingBootcampView.swift in Sources */ = {isa = PBXBuildFile; fileRef = AF1907E1295C81BE00A9469B /* UnitTestingBootcampView.swift */; };
		AF1907E4295C840200A9469B /* UnitTestingBootcampViewModel.swift in Sources */ = {isa = PBXBuildFile; fileRef = AF1907E3295C840200A9469B /* UnitTestingBootcampViewModel.swift */; };
		AF1907EC295C853D00A9469B /* SwiftfulThinkingAdvancedLearning_Tests.swift in Sources */ = {isa = PBXBuildFile; fileRef = AF1907EB295C853D00A9469B /* SwiftfulThinkingAdvancedLearning_Tests.swift */; };
		AF1907F3295C860E00A9469B /* UnitTestingBootcampViewModel_Tests.swift in Sources */ = {isa = PBXBuildFile; fileRef = AF1907F2295C860E00A9469B /* UnitTestingBootcampViewModel_Tests.swift */; };
		AF29B26C2948B7C700B082F8 /* CustomShapesBootcamp.swift in Sources */ = {isa = PBXBuildFile; fileRef = AF29B26B2948B7C700B082F8 /* CustomShapesBootcamp.swift */; };
		AF2A780A2944C1FE006E2D08 /* AnyTransitionBootcamp.swift in Sources */ = {isa = PBXBuildFile; fileRef = AF2A78092944C1FE006E2D08 /* AnyTransitionBootcamp.swift */; };
		AF2DA31F2BC98A1C00190284 /* PropertyWrapperBootcamp.swift in Sources */ = {isa = PBXBuildFile; fileRef = AF2DA31E2BC98A1C00190284 /* PropertyWrapperBootcamp.swift */; };
		AF46D44C295F2E5E00DB61AE /* UITestingBootcampView.swift in Sources */ = {isa = PBXBuildFile; fileRef = AF46D44B295F2E5E00DB61AE /* UITestingBootcampView.swift */; };
		AF46D454295F33C200DB61AE /* SwiftfulThinkingAdvancedLearning_UITests.swift in Sources */ = {isa = PBXBuildFile; fileRef = AF46D453295F33C200DB61AE /* SwiftfulThinkingAdvancedLearning_UITests.swift */; };
		AF46D45D295F350900DB61AE /* UITestingBootcampView_UITests.swift in Sources */ = {isa = PBXBuildFile; fileRef = AF46D45C295F350900DB61AE /* UITestingBootcampView_UITests.swift */; };
		AF49D4DF2BC307980054279C /* TimelineViewBootcamp.swift in Sources */ = {isa = PBXBuildFile; fileRef = AF49D4DE2BC307980054279C /* TimelineViewBootcamp.swift */; };
		AF4DCEFC2943728A0033C1D7 /* ButtonStyleBootcamp.swift in Sources */ = {isa = PBXBuildFile; fileRef = AF4DCEFB2943728A0033C1D7 /* ButtonStyleBootcamp.swift */; };
		AF4E732C294B6987008D2DAA /* AnimateableDataBootcamp.swift in Sources */ = {isa = PBXBuildFile; fileRef = AF4E732B294B6987008D2DAA /* AnimateableDataBootcamp.swift */; };
		AF539B062BD816880089304C /* SubscriptsBootcamp.swift in Sources */ = {isa = PBXBuildFile; fileRef = AF539B052BD816880089304C /* SubscriptsBootcamp.swift */; };
		AF57C4782BCC323F008BB04B /* PropertyWrapper2Bootcamp.swift in Sources */ = {isa = PBXBuildFile; fileRef = AF57C4772BCC323F008BB04B /* PropertyWrapper2Bootcamp.swift */; };
		AF71BF9F2BC5A05800B474FC /* CustomBindingBootcamp.swift in Sources */ = {isa = PBXBuildFile; fileRef = AF71BF9E2BC5A05800B474FC /* CustomBindingBootcamp.swift */; };
		AF73D18A2BC6F4210020F6A9 /* ErrorAlertBootcamp.swift in Sources */ = {isa = PBXBuildFile; fileRef = AF73D1892BC6F4210020F6A9 /* ErrorAlertBootcamp.swift */; };
		AF7ACAC629533BB90073C077 /* UIViewControllerRepresentableBootcamp.swift in Sources */ = {isa = PBXBuildFile; fileRef = AF7ACAC529533BB90073C077 /* UIViewControllerRepresentableBootcamp.swift */; };
		AF7C7EF529670598001F417E /* CloudKitUtility.swift in Sources */ = {isa = PBXBuildFile; fileRef = AF7C7EF429670598001F417E /* CloudKitUtility.swift */; };
		AF8666A92BD96C9E006FE63B /* CustomOperatorBootcamp.swift in Sources */ = {isa = PBXBuildFile; fileRef = AF8666A82BD96C9E006FE63B /* CustomOperatorBootcamp.swift */; };
		AF87372629631723001FC2B0 /* CloudKitUserBootcamp.swift in Sources */ = {isa = PBXBuildFile; fileRef = AF87372529631723001FC2B0 /* CloudKitUserBootcamp.swift */; };
		AF91D794294764BC00B23A35 /* MatchedGeometryEffectBootcamp.swift in Sources */ = {isa = PBXBuildFile; fileRef = AF91D793294764BC00B23A35 /* MatchedGeometryEffectBootcamp.swift */; };
		AF992B89294CADA800460F17 /* ViewBuilderBootcamp.swift in Sources */ = {isa = PBXBuildFile; fileRef = AF992B88294CADA800460F17 /* ViewBuilderBootcamp.swift */; };
		AFA4C22A294DF88B00798BBD /* PreferenceKeyBootcamp.swift in Sources */ = {isa = PBXBuildFile; fileRef = AFA4C229294DF88B00798BBD /* PreferenceKeyBootcamp.swift */; };
		AFA4C22D294DFE5900798BBD /* GeometryPreferenceKeyBootcamp.swift in Sources */ = {isa = PBXBuildFile; fileRef = AFA4C22C294DFE5900798BBD /* GeometryPreferenceKeyBootcamp.swift */; };
		AFA4C22F294E01DC00798BBD /* ScrollViewOffsetPreferenceKeyBootcamp.swift in Sources */ = {isa = PBXBuildFile; fileRef = AFA4C22E294E01DC00798BBD /* ScrollViewOffsetPreferenceKeyBootcamp.swift */; };
		AFA7709A294A109B0008F962 /* CustomCurvesBootcamp.swift in Sources */ = {isa = PBXBuildFile; fileRef = AFA77099294A109B0008F962 /* CustomCurvesBootcamp.swift */; };
		AFA97B5629436CB300CAB4F5 /* SwiftfulThinkingAdvancedLearningApp.swift in Sources */ = {isa = PBXBuildFile; fileRef = AFA97B5529436CB300CAB4F5 /* SwiftfulThinkingAdvancedLearningApp.swift */; };
		AFA97B5A29436CB500CAB4F5 /* Assets.xcassets in Resources */ = {isa = PBXBuildFile; fileRef = AFA97B5929436CB500CAB4F5 /* Assets.xcassets */; };
		AFA97B5D29436CB500CAB4F5 /* Preview Assets.xcassets in Resources */ = {isa = PBXBuildFile; fileRef = AFA97B5C29436CB500CAB4F5 /* Preview Assets.xcassets */; };
		AFA97B6429436D1700CAB4F5 /* ViewModifierBootcamp.swift in Sources */ = {isa = PBXBuildFile; fileRef = AFA97B6329436D1700CAB4F5 /* ViewModifierBootcamp.swift */; };
		AFADA2BE29509A020073CBEE /* AppNavBarView.swift in Sources */ = {isa = PBXBuildFile; fileRef = AFADA2BD29509A020073CBEE /* AppNavBarView.swift */; };
		AFADA2C029509B040073CBEE /* CustomNavBarView.swift in Sources */ = {isa = PBXBuildFile; fileRef = AFADA2BF29509B040073CBEE /* CustomNavBarView.swift */; };
		AFADA2C22950A1B60073CBEE /* CustomNavBarContainerView.swift in Sources */ = {isa = PBXBuildFile; fileRef = AFADA2C12950A1B60073CBEE /* CustomNavBarContainerView.swift */; };
		AFADA2C42950A34D0073CBEE /* CustomNavView.swift in Sources */ = {isa = PBXBuildFile; fileRef = AFADA2C32950A34D0073CBEE /* CustomNavView.swift */; };
		AFADA2C62950A4760073CBEE /* CustomNavLink.swift in Sources */ = {isa = PBXBuildFile; fileRef = AFADA2C52950A4760073CBEE /* CustomNavLink.swift */; };
		AFADA2C82950A7EE0073CBEE /* CustomNavBarPrefrenceKeys.swift in Sources */ = {isa = PBXBuildFile; fileRef = AFADA2C72950A7EE0073CBEE /* CustomNavBarPrefrenceKeys.swift */; };
		AFC91F1B295DD9DE00E602EA /* NewMockDataService.swift in Sources */ = {isa = PBXBuildFile; fileRef = AFC91F1A295DD9DE00E602EA /* NewMockDataService.swift */; };
		AFC91F1D295DDA5300E602EA /* NewMockDataService_Tests.swift in Sources */ = {isa = PBXBuildFile; fileRef = AFC91F1C295DDA5300E602EA /* NewMockDataService_Tests.swift */; };
		AFD02976294F4A6C00462FB4 /* AppTabBarView.swift in Sources */ = {isa = PBXBuildFile; fileRef = AFD02975294F4A6C00462FB4 /* AppTabBarView.swift */; };
		AFD02978294F4B6500462FB4 /* CustomTabBarView.swift in Sources */ = {isa = PBXBuildFile; fileRef = AFD02977294F4B6500462FB4 /* CustomTabBarView.swift */; };
		AFD0297A294F4FF400462FB4 /* CustomTabBarContainerView.swift in Sources */ = {isa = PBXBuildFile; fileRef = AFD02979294F4FF400462FB4 /* CustomTabBarContainerView.swift */; };
		AFD0297E294F546E00462FB4 /* TabBarItemsPreferenceKey.swift in Sources */ = {isa = PBXBuildFile; fileRef = AFD0297D294F546E00462FB4 /* TabBarItemsPreferenceKey.swift */; };
		AFD02980294F56B400462FB4 /* TabBarItem.swift in Sources */ = {isa = PBXBuildFile; fileRef = AFD0297F294F56B400462FB4 /* TabBarItem.swift */; };
		AFDAF6392965C2D7002A37C7 /* CloudKitPushNotificationBootcamp.swift in Sources */ = {isa = PBXBuildFile; fileRef = AFDAF6382965C2D7002A37C7 /* CloudKitPushNotificationBootcamp.swift */; };
		AFDF7B002964636100D3D05C /* CloudKitCrudBootcamp.swift in Sources */ = {isa = PBXBuildFile; fileRef = AFDF7AFF2964636100D3D05C /* CloudKitCrudBootcamp.swift */; };
		AFE266C12951ED11004D3045 /* UIViewRepresentableBotcamp.swift in Sources */ = {isa = PBXBuildFile; fileRef = AFE266C02951ED11004D3045 /* UIViewRepresentableBotcamp.swift */; };
/* End PBXBuildFile section */

/* Begin PBXContainerItemProxy section */
		AF1907ED295C853D00A9469B /* PBXContainerItemProxy */ = {
			isa = PBXContainerItemProxy;
			containerPortal = AFA97B4A29436CB300CAB4F5 /* Project object */;
			proxyType = 1;
			remoteGlobalIDString = AFA97B5129436CB300CAB4F5;
			remoteInfo = SwiftfulThinkingAdvancedLearning;
		};
		AF46D457295F33C200DB61AE /* PBXContainerItemProxy */ = {
			isa = PBXContainerItemProxy;
			containerPortal = AFA97B4A29436CB300CAB4F5 /* Project object */;
			proxyType = 1;
			remoteGlobalIDString = AFA97B5129436CB300CAB4F5;
			remoteInfo = SwiftfulThinkingAdvancedLearning;
		};
/* End PBXContainerItemProxy section */

/* Begin PBXFileReference section */
		AF0E9AC22BC840C3005626ED /* KeyPathsBootcamp.swift */ = {isa = PBXFileReference; lastKnownFileType = sourcecode.swift; path = KeyPathsBootcamp.swift; sourceTree = "<group>"; };
		AF1907E1295C81BE00A9469B /* UnitTestingBootcampView.swift */ = {isa = PBXFileReference; lastKnownFileType = sourcecode.swift; path = UnitTestingBootcampView.swift; sourceTree = "<group>"; };
		AF1907E3295C840200A9469B /* UnitTestingBootcampViewModel.swift */ = {isa = PBXFileReference; lastKnownFileType = sourcecode.swift; path = UnitTestingBootcampViewModel.swift; sourceTree = "<group>"; };
		AF1907E9295C853D00A9469B /* SwiftfulThinkingAdvancedLearning_Tests.xctest */ = {isa = PBXFileReference; explicitFileType = wrapper.cfbundle; includeInIndex = 0; path = SwiftfulThinkingAdvancedLearning_Tests.xctest; sourceTree = BUILT_PRODUCTS_DIR; };
		AF1907EB295C853D00A9469B /* SwiftfulThinkingAdvancedLearning_Tests.swift */ = {isa = PBXFileReference; lastKnownFileType = sourcecode.swift; path = SwiftfulThinkingAdvancedLearning_Tests.swift; sourceTree = "<group>"; };
		AF1907F2295C860E00A9469B /* UnitTestingBootcampViewModel_Tests.swift */ = {isa = PBXFileReference; lastKnownFileType = sourcecode.swift; path = UnitTestingBootcampViewModel_Tests.swift; sourceTree = "<group>"; };
		AF29B26B2948B7C700B082F8 /* CustomShapesBootcamp.swift */ = {isa = PBXFileReference; lastKnownFileType = sourcecode.swift; path = CustomShapesBootcamp.swift; sourceTree = "<group>"; };
		AF2A78092944C1FE006E2D08 /* AnyTransitionBootcamp.swift */ = {isa = PBXFileReference; lastKnownFileType = sourcecode.swift; path = AnyTransitionBootcamp.swift; sourceTree = "<group>"; };
		AF2DA31E2BC98A1C00190284 /* PropertyWrapperBootcamp.swift */ = {isa = PBXFileReference; lastKnownFileType = sourcecode.swift; path = PropertyWrapperBootcamp.swift; sourceTree = "<group>"; };
		AF46D44B295F2E5E00DB61AE /* UITestingBootcampView.swift */ = {isa = PBXFileReference; lastKnownFileType = sourcecode.swift; path = UITestingBootcampView.swift; sourceTree = "<group>"; };
		AF46D451295F33C200DB61AE /* SwiftfulThinkingAdvancedLearning_UITests.xctest */ = {isa = PBXFileReference; explicitFileType = wrapper.cfbundle; includeInIndex = 0; path = SwiftfulThinkingAdvancedLearning_UITests.xctest; sourceTree = BUILT_PRODUCTS_DIR; };
		AF46D453295F33C200DB61AE /* SwiftfulThinkingAdvancedLearning_UITests.swift */ = {isa = PBXFileReference; lastKnownFileType = sourcecode.swift; path = SwiftfulThinkingAdvancedLearning_UITests.swift; sourceTree = "<group>"; };
		AF46D45C295F350900DB61AE /* UITestingBootcampView_UITests.swift */ = {isa = PBXFileReference; lastKnownFileType = sourcecode.swift; path = UITestingBootcampView_UITests.swift; sourceTree = "<group>"; };
		AF49D4DE2BC307980054279C /* TimelineViewBootcamp.swift */ = {isa = PBXFileReference; lastKnownFileType = sourcecode.swift; path = TimelineViewBootcamp.swift; sourceTree = "<group>"; };
		AF4DCEFB2943728A0033C1D7 /* ButtonStyleBootcamp.swift */ = {isa = PBXFileReference; lastKnownFileType = sourcecode.swift; path = ButtonStyleBootcamp.swift; sourceTree = "<group>"; };
		AF4E732B294B6987008D2DAA /* AnimateableDataBootcamp.swift */ = {isa = PBXFileReference; lastKnownFileType = sourcecode.swift; path = AnimateableDataBootcamp.swift; sourceTree = "<group>"; };
		AF539B052BD816880089304C /* SubscriptsBootcamp.swift */ = {isa = PBXFileReference; lastKnownFileType = sourcecode.swift; path = SubscriptsBootcamp.swift; sourceTree = "<group>"; };
		AF57C4772BCC323F008BB04B /* PropertyWrapper2Bootcamp.swift */ = {isa = PBXFileReference; lastKnownFileType = sourcecode.swift; path = PropertyWrapper2Bootcamp.swift; sourceTree = "<group>"; };
		AF71BF9E2BC5A05800B474FC /* CustomBindingBootcamp.swift */ = {isa = PBXFileReference; lastKnownFileType = sourcecode.swift; path = CustomBindingBootcamp.swift; sourceTree = "<group>"; };
		AF73D1892BC6F4210020F6A9 /* ErrorAlertBootcamp.swift */ = {isa = PBXFileReference; lastKnownFileType = sourcecode.swift; path = ErrorAlertBootcamp.swift; sourceTree = "<group>"; };
		AF7ACAC529533BB90073C077 /* UIViewControllerRepresentableBootcamp.swift */ = {isa = PBXFileReference; lastKnownFileType = sourcecode.swift; path = UIViewControllerRepresentableBootcamp.swift; sourceTree = "<group>"; };
		AF7C7EF429670598001F417E /* CloudKitUtility.swift */ = {isa = PBXFileReference; lastKnownFileType = sourcecode.swift; path = CloudKitUtility.swift; sourceTree = "<group>"; };
		AF8666A82BD96C9E006FE63B /* CustomOperatorBootcamp.swift */ = {isa = PBXFileReference; lastKnownFileType = sourcecode.swift; path = CustomOperatorBootcamp.swift; sourceTree = "<group>"; };
		AF87372529631723001FC2B0 /* CloudKitUserBootcamp.swift */ = {isa = PBXFileReference; lastKnownFileType = sourcecode.swift; path = CloudKitUserBootcamp.swift; sourceTree = "<group>"; };
		AF87372729631796001FC2B0 /* SwiftfulThinkingAdvancedLearning.entitlements */ = {isa = PBXFileReference; lastKnownFileType = text.plist.entitlements; path = SwiftfulThinkingAdvancedLearning.entitlements; sourceTree = "<group>"; };
		AF91D793294764BC00B23A35 /* MatchedGeometryEffectBootcamp.swift */ = {isa = PBXFileReference; lastKnownFileType = sourcecode.swift; path = MatchedGeometryEffectBootcamp.swift; sourceTree = "<group>"; };
		AF992B88294CADA800460F17 /* ViewBuilderBootcamp.swift */ = {isa = PBXFileReference; lastKnownFileType = sourcecode.swift; path = ViewBuilderBootcamp.swift; sourceTree = "<group>"; };
		AFA4C229294DF88B00798BBD /* PreferenceKeyBootcamp.swift */ = {isa = PBXFileReference; lastKnownFileType = sourcecode.swift; path = PreferenceKeyBootcamp.swift; sourceTree = "<group>"; };
		AFA4C22C294DFE5900798BBD /* GeometryPreferenceKeyBootcamp.swift */ = {isa = PBXFileReference; lastKnownFileType = sourcecode.swift; path = GeometryPreferenceKeyBootcamp.swift; sourceTree = "<group>"; };
		AFA4C22E294E01DC00798BBD /* ScrollViewOffsetPreferenceKeyBootcamp.swift */ = {isa = PBXFileReference; lastKnownFileType = sourcecode.swift; path = ScrollViewOffsetPreferenceKeyBootcamp.swift; sourceTree = "<group>"; };
		AFA77099294A109B0008F962 /* CustomCurvesBootcamp.swift */ = {isa = PBXFileReference; lastKnownFileType = sourcecode.swift; path = CustomCurvesBootcamp.swift; sourceTree = "<group>"; };
		AFA97B5229436CB300CAB4F5 /* SwiftfulThinkingAdvancedLearning.app */ = {isa = PBXFileReference; explicitFileType = wrapper.application; includeInIndex = 0; path = SwiftfulThinkingAdvancedLearning.app; sourceTree = BUILT_PRODUCTS_DIR; };
		AFA97B5529436CB300CAB4F5 /* SwiftfulThinkingAdvancedLearningApp.swift */ = {isa = PBXFileReference; lastKnownFileType = sourcecode.swift; path = SwiftfulThinkingAdvancedLearningApp.swift; sourceTree = "<group>"; };
		AFA97B5929436CB500CAB4F5 /* Assets.xcassets */ = {isa = PBXFileReference; lastKnownFileType = folder.assetcatalog; path = Assets.xcassets; sourceTree = "<group>"; };
		AFA97B5C29436CB500CAB4F5 /* Preview Assets.xcassets */ = {isa = PBXFileReference; lastKnownFileType = folder.assetcatalog; path = "Preview Assets.xcassets"; sourceTree = "<group>"; };
		AFA97B6329436D1700CAB4F5 /* ViewModifierBootcamp.swift */ = {isa = PBXFileReference; lastKnownFileType = sourcecode.swift; path = ViewModifierBootcamp.swift; sourceTree = "<group>"; };
		AFADA2BD29509A020073CBEE /* AppNavBarView.swift */ = {isa = PBXFileReference; lastKnownFileType = sourcecode.swift; path = AppNavBarView.swift; sourceTree = "<group>"; };
		AFADA2BF29509B040073CBEE /* CustomNavBarView.swift */ = {isa = PBXFileReference; lastKnownFileType = sourcecode.swift; path = CustomNavBarView.swift; sourceTree = "<group>"; };
		AFADA2C12950A1B60073CBEE /* CustomNavBarContainerView.swift */ = {isa = PBXFileReference; lastKnownFileType = sourcecode.swift; path = CustomNavBarContainerView.swift; sourceTree = "<group>"; };
		AFADA2C32950A34D0073CBEE /* CustomNavView.swift */ = {isa = PBXFileReference; lastKnownFileType = sourcecode.swift; path = CustomNavView.swift; sourceTree = "<group>"; };
		AFADA2C52950A4760073CBEE /* CustomNavLink.swift */ = {isa = PBXFileReference; lastKnownFileType = sourcecode.swift; path = CustomNavLink.swift; sourceTree = "<group>"; };
		AFADA2C72950A7EE0073CBEE /* CustomNavBarPrefrenceKeys.swift */ = {isa = PBXFileReference; lastKnownFileType = sourcecode.swift; path = CustomNavBarPrefrenceKeys.swift; sourceTree = "<group>"; };
		AFC91F1A295DD9DE00E602EA /* NewMockDataService.swift */ = {isa = PBXFileReference; lastKnownFileType = sourcecode.swift; path = NewMockDataService.swift; sourceTree = "<group>"; };
		AFC91F1C295DDA5300E602EA /* NewMockDataService_Tests.swift */ = {isa = PBXFileReference; lastKnownFileType = sourcecode.swift; path = NewMockDataService_Tests.swift; sourceTree = "<group>"; };
		AFD02975294F4A6C00462FB4 /* AppTabBarView.swift */ = {isa = PBXFileReference; lastKnownFileType = sourcecode.swift; path = AppTabBarView.swift; sourceTree = "<group>"; };
		AFD02977294F4B6500462FB4 /* CustomTabBarView.swift */ = {isa = PBXFileReference; lastKnownFileType = sourcecode.swift; path = CustomTabBarView.swift; sourceTree = "<group>"; };
		AFD02979294F4FF400462FB4 /* CustomTabBarContainerView.swift */ = {isa = PBXFileReference; lastKnownFileType = sourcecode.swift; path = CustomTabBarContainerView.swift; sourceTree = "<group>"; };
		AFD0297D294F546E00462FB4 /* TabBarItemsPreferenceKey.swift */ = {isa = PBXFileReference; lastKnownFileType = sourcecode.swift; path = TabBarItemsPreferenceKey.swift; sourceTree = "<group>"; };
		AFD0297F294F56B400462FB4 /* TabBarItem.swift */ = {isa = PBXFileReference; lastKnownFileType = sourcecode.swift; path = TabBarItem.swift; sourceTree = "<group>"; };
		AFDAF6382965C2D7002A37C7 /* CloudKitPushNotificationBootcamp.swift */ = {isa = PBXFileReference; lastKnownFileType = sourcecode.swift; path = CloudKitPushNotificationBootcamp.swift; sourceTree = "<group>"; };
		AFDF7AFF2964636100D3D05C /* CloudKitCrudBootcamp.swift */ = {isa = PBXFileReference; lastKnownFileType = sourcecode.swift; path = CloudKitCrudBootcamp.swift; sourceTree = "<group>"; };
		AFE266C02951ED11004D3045 /* UIViewRepresentableBotcamp.swift */ = {isa = PBXFileReference; lastKnownFileType = sourcecode.swift; path = UIViewRepresentableBotcamp.swift; sourceTree = "<group>"; };
/* End PBXFileReference section */

/* Begin PBXFrameworksBuildPhase section */
		AF1907E6295C853D00A9469B /* Frameworks */ = {
			isa = PBXFrameworksBuildPhase;
			buildActionMask = 2147483647;
			files = (
			);
			runOnlyForDeploymentPostprocessing = 0;
		};
		AF46D44E295F33C200DB61AE /* Frameworks */ = {
			isa = PBXFrameworksBuildPhase;
			buildActionMask = 2147483647;
			files = (
			);
			runOnlyForDeploymentPostprocessing = 0;
		};
		AFA97B4F29436CB300CAB4F5 /* Frameworks */ = {
			isa = PBXFrameworksBuildPhase;
			buildActionMask = 2147483647;
			files = (
			);
			runOnlyForDeploymentPostprocessing = 0;
		};
/* End PBXFrameworksBuildPhase section */

/* Begin PBXGroup section */
		AF1907E0295C818B00A9469B /* UnitTestingBootcamp */ = {
			isa = PBXGroup;
			children = (
				AF1907E1295C81BE00A9469B /* UnitTestingBootcampView.swift */,
				AF1907E3295C840200A9469B /* UnitTestingBootcampViewModel.swift */,
				AFC91F1A295DD9DE00E602EA /* NewMockDataService.swift */,
			);
			path = UnitTestingBootcamp;
			sourceTree = "<group>";
		};
		AF1907EA295C853D00A9469B /* SwiftfulThinkingAdvancedLearning_Tests */ = {
			isa = PBXGroup;
			children = (
				AF1907EB295C853D00A9469B /* SwiftfulThinkingAdvancedLearning_Tests.swift */,
				AF1907F2295C860E00A9469B /* UnitTestingBootcampViewModel_Tests.swift */,
				AFC91F1C295DDA5300E602EA /* NewMockDataService_Tests.swift */,
			);
			path = SwiftfulThinkingAdvancedLearning_Tests;
			sourceTree = "<group>";
		};
		AF46D452295F33C200DB61AE /* SwiftfulThinkingAdvancedLearning_UITests */ = {
			isa = PBXGroup;
			children = (
				AF46D453295F33C200DB61AE /* SwiftfulThinkingAdvancedLearning_UITests.swift */,
				AF46D45C295F350900DB61AE /* UITestingBootcampView_UITests.swift */,
			);
			path = SwiftfulThinkingAdvancedLearning_UITests;
			sourceTree = "<group>";
		};
		AF873724296316FD001FC2B0 /* CloudKitBootcamps */ = {
			isa = PBXGroup;
			children = (
				AF87372529631723001FC2B0 /* CloudKitUserBootcamp.swift */,
				AFDF7AFF2964636100D3D05C /* CloudKitCrudBootcamp.swift */,
				AFDAF6382965C2D7002A37C7 /* CloudKitPushNotificationBootcamp.swift */,
				AF7C7EF429670598001F417E /* CloudKitUtility.swift */,
			);
			path = CloudKitBootcamps;
			sourceTree = "<group>";
		};
		AFA4C22B294DFE0200798BBD /* PreferenceKeyBootcamp */ = {
			isa = PBXGroup;
			children = (
				AFA4C229294DF88B00798BBD /* PreferenceKeyBootcamp.swift */,
				AFA4C22C294DFE5900798BBD /* GeometryPreferenceKeyBootcamp.swift */,
				AFA4C22E294E01DC00798BBD /* ScrollViewOffsetPreferenceKeyBootcamp.swift */,
			);
			path = PreferenceKeyBootcamp;
			sourceTree = "<group>";
		};
		AFA97B4929436CB300CAB4F5 = {
			isa = PBXGroup;
			children = (
				AFA97B5429436CB300CAB4F5 /* SwiftfulThinkingAdvancedLearning */,
				AF1907EA295C853D00A9469B /* SwiftfulThinkingAdvancedLearning_Tests */,
				AF46D452295F33C200DB61AE /* SwiftfulThinkingAdvancedLearning_UITests */,
				AFA97B5329436CB300CAB4F5 /* Products */,
			);
			sourceTree = "<group>";
		};
		AFA97B5329436CB300CAB4F5 /* Products */ = {
			isa = PBXGroup;
			children = (
				AFA97B5229436CB300CAB4F5 /* SwiftfulThinkingAdvancedLearning.app */,
				AF1907E9295C853D00A9469B /* SwiftfulThinkingAdvancedLearning_Tests.xctest */,
				AF46D451295F33C200DB61AE /* SwiftfulThinkingAdvancedLearning_UITests.xctest */,
			);
			name = Products;
			sourceTree = "<group>";
		};
		AFA97B5429436CB300CAB4F5 /* SwiftfulThinkingAdvancedLearning */ = {
			isa = PBXGroup;
			children = (
				AF87372729631796001FC2B0 /* SwiftfulThinkingAdvancedLearning.entitlements */,
				AFA97B5529436CB300CAB4F5 /* SwiftfulThinkingAdvancedLearningApp.swift */,
				AFA97B6329436D1700CAB4F5 /* ViewModifierBootcamp.swift */,
				AF4DCEFB2943728A0033C1D7 /* ButtonStyleBootcamp.swift */,
				AF2A78092944C1FE006E2D08 /* AnyTransitionBootcamp.swift */,
				AF91D793294764BC00B23A35 /* MatchedGeometryEffectBootcamp.swift */,
				AF29B26B2948B7C700B082F8 /* CustomShapesBootcamp.swift */,
				AFA77099294A109B0008F962 /* CustomCurvesBootcamp.swift */,
				AF4E732B294B6987008D2DAA /* AnimateableDataBootcamp.swift */,
				AF992B88294CADA800460F17 /* ViewBuilderBootcamp.swift */,
				AFA4C22B294DFE0200798BBD /* PreferenceKeyBootcamp */,
				AFD02974294F4A4700462FB4 /* CustomTabBar */,
				AFADA2BC295099DE0073CBEE /* CustomNavBar */,
				AFE266C02951ED11004D3045 /* UIViewRepresentableBotcamp.swift */,
				AF7ACAC529533BB90073C077 /* UIViewControllerRepresentableBootcamp.swift */,
				AF1907E0295C818B00A9469B /* UnitTestingBootcamp */,
				AF46D44B295F2E5E00DB61AE /* UITestingBootcampView.swift */,
				AF873724296316FD001FC2B0 /* CloudKitBootcamps */,
				AF49D4DE2BC307980054279C /* TimelineViewBootcamp.swift */,
				AF71BF9E2BC5A05800B474FC /* CustomBindingBootcamp.swift */,
				AF73D1892BC6F4210020F6A9 /* ErrorAlertBootcamp.swift */,
				AF0E9AC22BC840C3005626ED /* KeyPathsBootcamp.swift */,
				AF2DA31E2BC98A1C00190284 /* PropertyWrapperBootcamp.swift */,
				AF57C4772BCC323F008BB04B /* PropertyWrapper2Bootcamp.swift */,
				AF539B052BD816880089304C /* SubscriptsBootcamp.swift */,
				AF8666A82BD96C9E006FE63B /* CustomOperatorBootcamp.swift */,
				AFA97B5929436CB500CAB4F5 /* Assets.xcassets */,
				AFA97B5B29436CB500CAB4F5 /* Preview Content */,
			);
			path = SwiftfulThinkingAdvancedLearning;
			sourceTree = "<group>";
		};
		AFA97B5B29436CB500CAB4F5 /* Preview Content */ = {
			isa = PBXGroup;
			children = (
				AFA97B5C29436CB500CAB4F5 /* Preview Assets.xcassets */,
			);
			path = "Preview Content";
			sourceTree = "<group>";
		};
		AFADA2BC295099DE0073CBEE /* CustomNavBar */ = {
			isa = PBXGroup;
			children = (
				AFADA2BD29509A020073CBEE /* AppNavBarView.swift */,
				AFADA2C32950A34D0073CBEE /* CustomNavView.swift */,
				AFADA2BF29509B040073CBEE /* CustomNavBarView.swift */,
				AFADA2C12950A1B60073CBEE /* CustomNavBarContainerView.swift */,
				AFADA2C52950A4760073CBEE /* CustomNavLink.swift */,
				AFADA2C72950A7EE0073CBEE /* CustomNavBarPrefrenceKeys.swift */,
			);
			path = CustomNavBar;
			sourceTree = "<group>";
		};
		AFD02974294F4A4700462FB4 /* CustomTabBar */ = {
			isa = PBXGroup;
			children = (
				AFD02975294F4A6C00462FB4 /* AppTabBarView.swift */,
				AFD0297F294F56B400462FB4 /* TabBarItem.swift */,
				AFD02977294F4B6500462FB4 /* CustomTabBarView.swift */,
				AFD02979294F4FF400462FB4 /* CustomTabBarContainerView.swift */,
				AFD0297D294F546E00462FB4 /* TabBarItemsPreferenceKey.swift */,
			);
			path = CustomTabBar;
			sourceTree = "<group>";
		};
/* End PBXGroup section */

/* Begin PBXNativeTarget section */
		AF1907E8295C853D00A9469B /* SwiftfulThinkingAdvancedLearning_Tests */ = {
			isa = PBXNativeTarget;
			buildConfigurationList = AF1907EF295C853D00A9469B /* Build configuration list for PBXNativeTarget "SwiftfulThinkingAdvancedLearning_Tests" */;
			buildPhases = (
				AF1907E5295C853D00A9469B /* Sources */,
				AF1907E6295C853D00A9469B /* Frameworks */,
				AF1907E7295C853D00A9469B /* Resources */,
			);
			buildRules = (
			);
			dependencies = (
				AF1907EE295C853D00A9469B /* PBXTargetDependency */,
			);
			name = SwiftfulThinkingAdvancedLearning_Tests;
			productName = SwiftfulThinkingAdvancedLearning_Tests;
			productReference = AF1907E9295C853D00A9469B /* SwiftfulThinkingAdvancedLearning_Tests.xctest */;
			productType = "com.apple.product-type.bundle.unit-test";
		};
		AF46D450295F33C200DB61AE /* SwiftfulThinkingAdvancedLearning_UITests */ = {
			isa = PBXNativeTarget;
			buildConfigurationList = AF46D459295F33C200DB61AE /* Build configuration list for PBXNativeTarget "SwiftfulThinkingAdvancedLearning_UITests" */;
			buildPhases = (
				AF46D44D295F33C200DB61AE /* Sources */,
				AF46D44E295F33C200DB61AE /* Frameworks */,
				AF46D44F295F33C200DB61AE /* Resources */,
			);
			buildRules = (
			);
			dependencies = (
				AF46D458295F33C200DB61AE /* PBXTargetDependency */,
			);
			name = SwiftfulThinkingAdvancedLearning_UITests;
			productName = SwiftfulThinkingAdvancedLearning_UITests;
			productReference = AF46D451295F33C200DB61AE /* SwiftfulThinkingAdvancedLearning_UITests.xctest */;
			productType = "com.apple.product-type.bundle.ui-testing";
		};
		AFA97B5129436CB300CAB4F5 /* SwiftfulThinkingAdvancedLearning */ = {
			isa = PBXNativeTarget;
			buildConfigurationList = AFA97B6029436CB500CAB4F5 /* Build configuration list for PBXNativeTarget "SwiftfulThinkingAdvancedLearning" */;
			buildPhases = (
				AFA97B4E29436CB300CAB4F5 /* Sources */,
				AFA97B4F29436CB300CAB4F5 /* Frameworks */,
				AFA97B5029436CB300CAB4F5 /* Resources */,
			);
			buildRules = (
			);
			dependencies = (
			);
			name = SwiftfulThinkingAdvancedLearning;
			productName = SwiftfulThinkingAdvancedLearning;
			productReference = AFA97B5229436CB300CAB4F5 /* SwiftfulThinkingAdvancedLearning.app */;
			productType = "com.apple.product-type.application";
		};
/* End PBXNativeTarget section */

/* Begin PBXProject section */
		AFA97B4A29436CB300CAB4F5 /* Project object */ = {
			isa = PBXProject;
			attributes = {
				BuildIndependentTargetsInParallel = 1;
				LastSwiftUpdateCheck = 1420;
				LastUpgradeCheck = 1410;
				TargetAttributes = {
					AF1907E8295C853D00A9469B = {
						CreatedOnToolsVersion = 14.2;
						TestTargetID = AFA97B5129436CB300CAB4F5;
					};
					AF46D450295F33C200DB61AE = {
						CreatedOnToolsVersion = 14.2;
						TestTargetID = AFA97B5129436CB300CAB4F5;
					};
					AFA97B5129436CB300CAB4F5 = {
						CreatedOnToolsVersion = 14.1;
					};
				};
			};
			buildConfigurationList = AFA97B4D29436CB300CAB4F5 /* Build configuration list for PBXProject "SwiftfulThinkingAdvancedLearning" */;
			compatibilityVersion = "Xcode 14.0";
			developmentRegion = en;
			hasScannedForEncodings = 0;
			knownRegions = (
				en,
				Base,
			);
			mainGroup = AFA97B4929436CB300CAB4F5;
			productRefGroup = AFA97B5329436CB300CAB4F5 /* Products */;
			projectDirPath = "";
			projectRoot = "";
			targets = (
				AFA97B5129436CB300CAB4F5 /* SwiftfulThinkingAdvancedLearning */,
				AF1907E8295C853D00A9469B /* SwiftfulThinkingAdvancedLearning_Tests */,
				AF46D450295F33C200DB61AE /* SwiftfulThinkingAdvancedLearning_UITests */,
			);
		};
/* End PBXProject section */

/* Begin PBXResourcesBuildPhase section */
		AF1907E7295C853D00A9469B /* Resources */ = {
			isa = PBXResourcesBuildPhase;
			buildActionMask = 2147483647;
			files = (
			);
			runOnlyForDeploymentPostprocessing = 0;
		};
		AF46D44F295F33C200DB61AE /* Resources */ = {
			isa = PBXResourcesBuildPhase;
			buildActionMask = 2147483647;
			files = (
			);
			runOnlyForDeploymentPostprocessing = 0;
		};
		AFA97B5029436CB300CAB4F5 /* Resources */ = {
			isa = PBXResourcesBuildPhase;
			buildActionMask = 2147483647;
			files = (
				AFA97B5D29436CB500CAB4F5 /* Preview Assets.xcassets in Resources */,
				AFA97B5A29436CB500CAB4F5 /* Assets.xcassets in Resources */,
			);
			runOnlyForDeploymentPostprocessing = 0;
		};
/* End PBXResourcesBuildPhase section */

/* Begin PBXSourcesBuildPhase section */
		AF1907E5295C853D00A9469B /* Sources */ = {
			isa = PBXSourcesBuildPhase;
			buildActionMask = 2147483647;
			files = (
				AF1907F3295C860E00A9469B /* UnitTestingBootcampViewModel_Tests.swift in Sources */,
				AF1907EC295C853D00A9469B /* SwiftfulThinkingAdvancedLearning_Tests.swift in Sources */,
				AFC91F1D295DDA5300E602EA /* NewMockDataService_Tests.swift in Sources */,
			);
			runOnlyForDeploymentPostprocessing = 0;
		};
		AF46D44D295F33C200DB61AE /* Sources */ = {
			isa = PBXSourcesBuildPhase;
			buildActionMask = 2147483647;
			files = (
				AF46D45D295F350900DB61AE /* UITestingBootcampView_UITests.swift in Sources */,
				AF46D454295F33C200DB61AE /* SwiftfulThinkingAdvancedLearning_UITests.swift in Sources */,
			);
			runOnlyForDeploymentPostprocessing = 0;
		};
		AFA97B4E29436CB300CAB4F5 /* Sources */ = {
			isa = PBXSourcesBuildPhase;
			buildActionMask = 2147483647;
			files = (
				AFD0297E294F546E00462FB4 /* TabBarItemsPreferenceKey.swift in Sources */,
				AF71BF9F2BC5A05800B474FC /* CustomBindingBootcamp.swift in Sources */,
				AF539B062BD816880089304C /* SubscriptsBootcamp.swift in Sources */,
				AFADA2C22950A1B60073CBEE /* CustomNavBarContainerView.swift in Sources */,
				AFD02976294F4A6C00462FB4 /* AppTabBarView.swift in Sources */,
				AF46D44C295F2E5E00DB61AE /* UITestingBootcampView.swift in Sources */,
				AF2DA31F2BC98A1C00190284 /* PropertyWrapperBootcamp.swift in Sources */,
				AF7C7EF529670598001F417E /* CloudKitUtility.swift in Sources */,
				AFADA2BE29509A020073CBEE /* AppNavBarView.swift in Sources */,
				AF49D4DF2BC307980054279C /* TimelineViewBootcamp.swift in Sources */,
				AFA4C22F294E01DC00798BBD /* ScrollViewOffsetPreferenceKeyBootcamp.swift in Sources */,
				AF4DCEFC2943728A0033C1D7 /* ButtonStyleBootcamp.swift in Sources */,
				AF73D18A2BC6F4210020F6A9 /* ErrorAlertBootcamp.swift in Sources */,
				AFC91F1B295DD9DE00E602EA /* NewMockDataService.swift in Sources */,
				AF1907E4295C840200A9469B /* UnitTestingBootcampViewModel.swift in Sources */,
				AF0E9AC32BC840C3005626ED /* KeyPathsBootcamp.swift in Sources */,
				AFA97B6429436D1700CAB4F5 /* ViewModifierBootcamp.swift in Sources */,
				AFDF7B002964636100D3D05C /* CloudKitCrudBootcamp.swift in Sources */,
				AF57C4782BCC323F008BB04B /* PropertyWrapper2Bootcamp.swift in Sources */,
				AFADA2C029509B040073CBEE /* CustomNavBarView.swift in Sources */,
				AFADA2C62950A4760073CBEE /* CustomNavLink.swift in Sources */,
				AFADA2C82950A7EE0073CBEE /* CustomNavBarPrefrenceKeys.swift in Sources */,
				AFD0297A294F4FF400462FB4 /* CustomTabBarContainerView.swift in Sources */,
				AF87372629631723001FC2B0 /* CloudKitUserBootcamp.swift in Sources */,
				AF4E732C294B6987008D2DAA /* AnimateableDataBootcamp.swift in Sources */,
				AFA4C22A294DF88B00798BBD /* PreferenceKeyBootcamp.swift in Sources */,
				AF2A780A2944C1FE006E2D08 /* AnyTransitionBootcamp.swift in Sources */,
				AF7ACAC629533BB90073C077 /* UIViewControllerRepresentableBootcamp.swift in Sources */,
				AFD02978294F4B6500462FB4 /* CustomTabBarView.swift in Sources */,
				AFA97B5629436CB300CAB4F5 /* SwiftfulThinkingAdvancedLearningApp.swift in Sources */,
				AF992B89294CADA800460F17 /* ViewBuilderBootcamp.swift in Sources */,
				AF8666A92BD96C9E006FE63B /* CustomOperatorBootcamp.swift in Sources */,
				AFD02980294F56B400462FB4 /* TabBarItem.swift in Sources */,
				AFA4C22D294DFE5900798BBD /* GeometryPreferenceKeyBootcamp.swift in Sources */,
				AF1907E2295C81BE00A9469B /* UnitTestingBootcampView.swift in Sources */,
				AF91D794294764BC00B23A35 /* MatchedGeometryEffectBootcamp.swift in Sources */,
				AFE266C12951ED11004D3045 /* UIViewRepresentableBotcamp.swift in Sources */,
				AFDAF6392965C2D7002A37C7 /* CloudKitPushNotificationBootcamp.swift in Sources */,
				AF29B26C2948B7C700B082F8 /* CustomShapesBootcamp.swift in Sources */,
				AFA7709A294A109B0008F962 /* CustomCurvesBootcamp.swift in Sources */,
				AFADA2C42950A34D0073CBEE /* CustomNavView.swift in Sources */,
			);
			runOnlyForDeploymentPostprocessing = 0;
		};
/* End PBXSourcesBuildPhase section */

/* Begin PBXTargetDependency section */
		AF1907EE295C853D00A9469B /* PBXTargetDependency */ = {
			isa = PBXTargetDependency;
			target = AFA97B5129436CB300CAB4F5 /* SwiftfulThinkingAdvancedLearning */;
			targetProxy = AF1907ED295C853D00A9469B /* PBXContainerItemProxy */;
		};
		AF46D458295F33C200DB61AE /* PBXTargetDependency */ = {
			isa = PBXTargetDependency;
			target = AFA97B5129436CB300CAB4F5 /* SwiftfulThinkingAdvancedLearning */;
			targetProxy = AF46D457295F33C200DB61AE /* PBXContainerItemProxy */;
		};
/* End PBXTargetDependency section */

/* Begin XCBuildConfiguration section */
		AF1907F0295C853D00A9469B /* Debug */ = {
			isa = XCBuildConfiguration;
			buildSettings = {
				BUNDLE_LOADER = "$(TEST_HOST)";
				CODE_SIGN_STYLE = Automatic;
				CURRENT_PROJECT_VERSION = 1;
				DEVELOPMENT_TEAM = 7B475922E3;
				GENERATE_INFOPLIST_FILE = YES;
				IPHONEOS_DEPLOYMENT_TARGET = 16.2;
				MARKETING_VERSION = 1.0;
				PRODUCT_BUNDLE_IDENTIFIER = "com.arturremizov.SwiftfulThinkingAdvancedLearning-Tests";
				PRODUCT_NAME = "$(TARGET_NAME)";
				SWIFT_EMIT_LOC_STRINGS = NO;
				SWIFT_VERSION = 5.0;
				TARGETED_DEVICE_FAMILY = "1,2";
				TEST_HOST = "$(BUILT_PRODUCTS_DIR)/SwiftfulThinkingAdvancedLearning.app/$(BUNDLE_EXECUTABLE_FOLDER_PATH)/SwiftfulThinkingAdvancedLearning";
			};
			name = Debug;
		};
		AF1907F1295C853D00A9469B /* Release */ = {
			isa = XCBuildConfiguration;
			buildSettings = {
				BUNDLE_LOADER = "$(TEST_HOST)";
				CODE_SIGN_STYLE = Automatic;
				CURRENT_PROJECT_VERSION = 1;
				DEVELOPMENT_TEAM = 7B475922E3;
				GENERATE_INFOPLIST_FILE = YES;
				IPHONEOS_DEPLOYMENT_TARGET = 16.2;
				MARKETING_VERSION = 1.0;
				PRODUCT_BUNDLE_IDENTIFIER = "com.arturremizov.SwiftfulThinkingAdvancedLearning-Tests";
				PRODUCT_NAME = "$(TARGET_NAME)";
				SWIFT_EMIT_LOC_STRINGS = NO;
				SWIFT_VERSION = 5.0;
				TARGETED_DEVICE_FAMILY = "1,2";
				TEST_HOST = "$(BUILT_PRODUCTS_DIR)/SwiftfulThinkingAdvancedLearning.app/$(BUNDLE_EXECUTABLE_FOLDER_PATH)/SwiftfulThinkingAdvancedLearning";
			};
			name = Release;
		};
		AF46D45A295F33C200DB61AE /* Debug */ = {
			isa = XCBuildConfiguration;
			buildSettings = {
				CODE_SIGN_STYLE = Automatic;
				CURRENT_PROJECT_VERSION = 1;
				DEVELOPMENT_TEAM = 7B475922E3;
				GENERATE_INFOPLIST_FILE = YES;
				IPHONEOS_DEPLOYMENT_TARGET = 16.2;
				MARKETING_VERSION = 1.0;
				PRODUCT_BUNDLE_IDENTIFIER = "com.arturremizov.SwiftfulThinkingAdvancedLearning-UITests";
				PRODUCT_NAME = "$(TARGET_NAME)";
				SWIFT_EMIT_LOC_STRINGS = NO;
				SWIFT_VERSION = 5.0;
				TARGETED_DEVICE_FAMILY = "1,2";
				TEST_TARGET_NAME = SwiftfulThinkingAdvancedLearning;
			};
			name = Debug;
		};
		AF46D45B295F33C200DB61AE /* Release */ = {
			isa = XCBuildConfiguration;
			buildSettings = {
				CODE_SIGN_STYLE = Automatic;
				CURRENT_PROJECT_VERSION = 1;
				DEVELOPMENT_TEAM = 7B475922E3;
				GENERATE_INFOPLIST_FILE = YES;
				IPHONEOS_DEPLOYMENT_TARGET = 16.2;
				MARKETING_VERSION = 1.0;
				PRODUCT_BUNDLE_IDENTIFIER = "com.arturremizov.SwiftfulThinkingAdvancedLearning-UITests";
				PRODUCT_NAME = "$(TARGET_NAME)";
				SWIFT_EMIT_LOC_STRINGS = NO;
				SWIFT_VERSION = 5.0;
				TARGETED_DEVICE_FAMILY = "1,2";
				TEST_TARGET_NAME = SwiftfulThinkingAdvancedLearning;
			};
			name = Release;
		};
		AFA97B5E29436CB500CAB4F5 /* Debug */ = {
			isa = XCBuildConfiguration;
			buildSettings = {
				ALWAYS_SEARCH_USER_PATHS = NO;
				CLANG_ANALYZER_NONNULL = YES;
				CLANG_ANALYZER_NUMBER_OBJECT_CONVERSION = YES_AGGRESSIVE;
				CLANG_CXX_LANGUAGE_STANDARD = "gnu++20";
				CLANG_ENABLE_MODULES = YES;
				CLANG_ENABLE_OBJC_ARC = YES;
				CLANG_ENABLE_OBJC_WEAK = YES;
				CLANG_WARN_BLOCK_CAPTURE_AUTORELEASING = YES;
				CLANG_WARN_BOOL_CONVERSION = YES;
				CLANG_WARN_COMMA = YES;
				CLANG_WARN_CONSTANT_CONVERSION = YES;
				CLANG_WARN_DEPRECATED_OBJC_IMPLEMENTATIONS = YES;
				CLANG_WARN_DIRECT_OBJC_ISA_USAGE = YES_ERROR;
				CLANG_WARN_DOCUMENTATION_COMMENTS = YES;
				CLANG_WARN_EMPTY_BODY = YES;
				CLANG_WARN_ENUM_CONVERSION = YES;
				CLANG_WARN_INFINITE_RECURSION = YES;
				CLANG_WARN_INT_CONVERSION = YES;
				CLANG_WARN_NON_LITERAL_NULL_CONVERSION = YES;
				CLANG_WARN_OBJC_IMPLICIT_RETAIN_SELF = YES;
				CLANG_WARN_OBJC_LITERAL_CONVERSION = YES;
				CLANG_WARN_OBJC_ROOT_CLASS = YES_ERROR;
				CLANG_WARN_QUOTED_INCLUDE_IN_FRAMEWORK_HEADER = YES;
				CLANG_WARN_RANGE_LOOP_ANALYSIS = YES;
				CLANG_WARN_STRICT_PROTOTYPES = YES;
				CLANG_WARN_SUSPICIOUS_MOVE = YES;
				CLANG_WARN_UNGUARDED_AVAILABILITY = YES_AGGRESSIVE;
				CLANG_WARN_UNREACHABLE_CODE = YES;
				CLANG_WARN__DUPLICATE_METHOD_MATCH = YES;
				COPY_PHASE_STRIP = NO;
				DEBUG_INFORMATION_FORMAT = dwarf;
				ENABLE_STRICT_OBJC_MSGSEND = YES;
				ENABLE_TESTABILITY = YES;
				GCC_C_LANGUAGE_STANDARD = gnu11;
				GCC_DYNAMIC_NO_PIC = NO;
				GCC_NO_COMMON_BLOCKS = YES;
				GCC_OPTIMIZATION_LEVEL = 0;
				GCC_PREPROCESSOR_DEFINITIONS = (
					"DEBUG=1",
					"$(inherited)",
				);
				GCC_WARN_64_TO_32_BIT_CONVERSION = YES;
				GCC_WARN_ABOUT_RETURN_TYPE = YES_ERROR;
				GCC_WARN_UNDECLARED_SELECTOR = YES;
				GCC_WARN_UNINITIALIZED_AUTOS = YES_AGGRESSIVE;
				GCC_WARN_UNUSED_FUNCTION = YES;
				GCC_WARN_UNUSED_VARIABLE = YES;
				IPHONEOS_DEPLOYMENT_TARGET = 16.1;
				MTL_ENABLE_DEBUG_INFO = INCLUDE_SOURCE;
				MTL_FAST_MATH = YES;
				ONLY_ACTIVE_ARCH = YES;
				SDKROOT = iphoneos;
				SWIFT_ACTIVE_COMPILATION_CONDITIONS = DEBUG;
				SWIFT_OPTIMIZATION_LEVEL = "-Onone";
			};
			name = Debug;
		};
		AFA97B5F29436CB500CAB4F5 /* Release */ = {
			isa = XCBuildConfiguration;
			buildSettings = {
				ALWAYS_SEARCH_USER_PATHS = NO;
				CLANG_ANALYZER_NONNULL = YES;
				CLANG_ANALYZER_NUMBER_OBJECT_CONVERSION = YES_AGGRESSIVE;
				CLANG_CXX_LANGUAGE_STANDARD = "gnu++20";
				CLANG_ENABLE_MODULES = YES;
				CLANG_ENABLE_OBJC_ARC = YES;
				CLANG_ENABLE_OBJC_WEAK = YES;
				CLANG_WARN_BLOCK_CAPTURE_AUTORELEASING = YES;
				CLANG_WARN_BOOL_CONVERSION = YES;
				CLANG_WARN_COMMA = YES;
				CLANG_WARN_CONSTANT_CONVERSION = YES;
				CLANG_WARN_DEPRECATED_OBJC_IMPLEMENTATIONS = YES;
				CLANG_WARN_DIRECT_OBJC_ISA_USAGE = YES_ERROR;
				CLANG_WARN_DOCUMENTATION_COMMENTS = YES;
				CLANG_WARN_EMPTY_BODY = YES;
				CLANG_WARN_ENUM_CONVERSION = YES;
				CLANG_WARN_INFINITE_RECURSION = YES;
				CLANG_WARN_INT_CONVERSION = YES;
				CLANG_WARN_NON_LITERAL_NULL_CONVERSION = YES;
				CLANG_WARN_OBJC_IMPLICIT_RETAIN_SELF = YES;
				CLANG_WARN_OBJC_LITERAL_CONVERSION = YES;
				CLANG_WARN_OBJC_ROOT_CLASS = YES_ERROR;
				CLANG_WARN_QUOTED_INCLUDE_IN_FRAMEWORK_HEADER = YES;
				CLANG_WARN_RANGE_LOOP_ANALYSIS = YES;
				CLANG_WARN_STRICT_PROTOTYPES = YES;
				CLANG_WARN_SUSPICIOUS_MOVE = YES;
				CLANG_WARN_UNGUARDED_AVAILABILITY = YES_AGGRESSIVE;
				CLANG_WARN_UNREACHABLE_CODE = YES;
				CLANG_WARN__DUPLICATE_METHOD_MATCH = YES;
				COPY_PHASE_STRIP = NO;
				DEBUG_INFORMATION_FORMAT = "dwarf-with-dsym";
				ENABLE_NS_ASSERTIONS = NO;
				ENABLE_STRICT_OBJC_MSGSEND = YES;
				GCC_C_LANGUAGE_STANDARD = gnu11;
				GCC_NO_COMMON_BLOCKS = YES;
				GCC_WARN_64_TO_32_BIT_CONVERSION = YES;
				GCC_WARN_ABOUT_RETURN_TYPE = YES_ERROR;
				GCC_WARN_UNDECLARED_SELECTOR = YES;
				GCC_WARN_UNINITIALIZED_AUTOS = YES_AGGRESSIVE;
				GCC_WARN_UNUSED_FUNCTION = YES;
				GCC_WARN_UNUSED_VARIABLE = YES;
				IPHONEOS_DEPLOYMENT_TARGET = 16.1;
				MTL_ENABLE_DEBUG_INFO = NO;
				MTL_FAST_MATH = YES;
				SDKROOT = iphoneos;
				SWIFT_COMPILATION_MODE = wholemodule;
				SWIFT_OPTIMIZATION_LEVEL = "-O";
				VALIDATE_PRODUCT = YES;
			};
			name = Release;
		};
		AFA97B6129436CB500CAB4F5 /* Debug */ = {
			isa = XCBuildConfiguration;
			buildSettings = {
				ASSETCATALOG_COMPILER_APPICON_NAME = AppIcon;
				ASSETCATALOG_COMPILER_GLOBAL_ACCENT_COLOR_NAME = AccentColor;
				CODE_SIGN_ENTITLEMENTS = SwiftfulThinkingAdvancedLearning/SwiftfulThinkingAdvancedLearning.entitlements;
				CODE_SIGN_STYLE = Automatic;
				CURRENT_PROJECT_VERSION = 1;
				DEVELOPMENT_ASSET_PATHS = "\"SwiftfulThinkingAdvancedLearning/Preview Content\"";
				DEVELOPMENT_TEAM = 7B475922E3;
				ENABLE_PREVIEWS = YES;
				GENERATE_INFOPLIST_FILE = YES;
				INFOPLIST_KEY_UIApplicationSceneManifest_Generation = YES;
				INFOPLIST_KEY_UIApplicationSupportsIndirectInputEvents = YES;
				INFOPLIST_KEY_UILaunchScreen_Generation = YES;
				INFOPLIST_KEY_UISupportedInterfaceOrientations_iPad = "UIInterfaceOrientationPortrait UIInterfaceOrientationPortraitUpsideDown UIInterfaceOrientationLandscapeLeft UIInterfaceOrientationLandscapeRight";
				INFOPLIST_KEY_UISupportedInterfaceOrientations_iPhone = "UIInterfaceOrientationPortrait UIInterfaceOrientationLandscapeLeft UIInterfaceOrientationLandscapeRight";
				LD_RUNPATH_SEARCH_PATHS = (
					"$(inherited)",
					"@executable_path/Frameworks",
				);
				MARKETING_VERSION = 1.0;
				PRODUCT_BUNDLE_IDENTIFIER = com.arturremizov.SwiftfulThinkingAdvancedLearning;
				PRODUCT_NAME = "$(TARGET_NAME)";
				SWIFT_EMIT_LOC_STRINGS = YES;
				SWIFT_VERSION = 5.0;
				TARGETED_DEVICE_FAMILY = "1,2";
			};
			name = Debug;
		};
		AFA97B6229436CB500CAB4F5 /* Release */ = {
			isa = XCBuildConfiguration;
			buildSettings = {
				ASSETCATALOG_COMPILER_APPICON_NAME = AppIcon;
				ASSETCATALOG_COMPILER_GLOBAL_ACCENT_COLOR_NAME = AccentColor;
				CODE_SIGN_ENTITLEMENTS = SwiftfulThinkingAdvancedLearning/SwiftfulThinkingAdvancedLearning.entitlements;
				CODE_SIGN_STYLE = Automatic;
				CURRENT_PROJECT_VERSION = 1;
				DEVELOPMENT_ASSET_PATHS = "\"SwiftfulThinkingAdvancedLearning/Preview Content\"";
				DEVELOPMENT_TEAM = 7B475922E3;
				ENABLE_PREVIEWS = YES;
				GENERATE_INFOPLIST_FILE = YES;
				INFOPLIST_KEY_UIApplicationSceneManifest_Generation = YES;
				INFOPLIST_KEY_UIApplicationSupportsIndirectInputEvents = YES;
				INFOPLIST_KEY_UILaunchScreen_Generation = YES;
				INFOPLIST_KEY_UISupportedInterfaceOrientations_iPad = "UIInterfaceOrientationPortrait UIInterfaceOrientationPortraitUpsideDown UIInterfaceOrientationLandscapeLeft UIInterfaceOrientationLandscapeRight";
				INFOPLIST_KEY_UISupportedInterfaceOrientations_iPhone = "UIInterfaceOrientationPortrait UIInterfaceOrientationLandscapeLeft UIInterfaceOrientationLandscapeRight";
				LD_RUNPATH_SEARCH_PATHS = (
					"$(inherited)",
					"@executable_path/Frameworks",
				);
				MARKETING_VERSION = 1.0;
				PRODUCT_BUNDLE_IDENTIFIER = com.arturremizov.SwiftfulThinkingAdvancedLearning;
				PRODUCT_NAME = "$(TARGET_NAME)";
				SWIFT_EMIT_LOC_STRINGS = YES;
				SWIFT_VERSION = 5.0;
				TARGETED_DEVICE_FAMILY = "1,2";
			};
			name = Release;
		};
/* End XCBuildConfiguration section */

/* Begin XCConfigurationList section */
		AF1907EF295C853D00A9469B /* Build configuration list for PBXNativeTarget "SwiftfulThinkingAdvancedLearning_Tests" */ = {
			isa = XCConfigurationList;
			buildConfigurations = (
				AF1907F0295C853D00A9469B /* Debug */,
				AF1907F1295C853D00A9469B /* Release */,
			);
			defaultConfigurationIsVisible = 0;
			defaultConfigurationName = Release;
		};
		AF46D459295F33C200DB61AE /* Build configuration list for PBXNativeTarget "SwiftfulThinkingAdvancedLearning_UITests" */ = {
			isa = XCConfigurationList;
			buildConfigurations = (
				AF46D45A295F33C200DB61AE /* Debug */,
				AF46D45B295F33C200DB61AE /* Release */,
			);
			defaultConfigurationIsVisible = 0;
			defaultConfigurationName = Release;
		};
		AFA97B4D29436CB300CAB4F5 /* Build configuration list for PBXProject "SwiftfulThinkingAdvancedLearning" */ = {
			isa = XCConfigurationList;
			buildConfigurations = (
				AFA97B5E29436CB500CAB4F5 /* Debug */,
				AFA97B5F29436CB500CAB4F5 /* Release */,
			);
			defaultConfigurationIsVisible = 0;
			defaultConfigurationName = Release;
		};
		AFA97B6029436CB500CAB4F5 /* Build configuration list for PBXNativeTarget "SwiftfulThinkingAdvancedLearning" */ = {
			isa = XCConfigurationList;
			buildConfigurations = (
				AFA97B6129436CB500CAB4F5 /* Debug */,
				AFA97B6229436CB500CAB4F5 /* Release */,
			);
			defaultConfigurationIsVisible = 0;
			defaultConfigurationName = Release;
		};
/* End XCConfigurationList section */
	};
	rootObject = AFA97B4A29436CB300CAB4F5 /* Project object */;
}
